// !$*UTF8*$!
{
	archiveVersion = 1;
	classes = {
	};
	objectVersion = 50;
	objects = {

/* Begin PBXBuildFile section */
		154044E163E1B392DB95FAAA /* Pods_TaskManagerApp.framework in Frameworks */ = {isa = PBXBuildFile; fileRef = C0132FEC54C2ABFA53C41E2A /* Pods_TaskManagerApp.framework */; };
		BF41EEEA21FAF04200CC7AED /* Category.swift in Sources */ = {isa = PBXBuildFile; fileRef = BF41EEE921FAF04200CC7AED /* Category.swift */; };
		BF70F35621E88D8700AF6455 /* Task.swift in Sources */ = {isa = PBXBuildFile; fileRef = BF70F35521E88D8700AF6455 /* Task.swift */; };
		BF70F35821E92E0600AF6455 /* UIColorHex.swift in Sources */ = {isa = PBXBuildFile; fileRef = BF70F35721E92E0500AF6455 /* UIColorHex.swift */; };
		BF822A9E21E85E2400854185 /* AppDelegate.swift in Sources */ = {isa = PBXBuildFile; fileRef = BF822A9D21E85E2400854185 /* AppDelegate.swift */; };
		BF822AA021E85E2400854185 /* ViewController.swift in Sources */ = {isa = PBXBuildFile; fileRef = BF822A9F21E85E2400854185 /* ViewController.swift */; };
		BF822AA521E85E2700854185 /* Assets.xcassets in Resources */ = {isa = PBXBuildFile; fileRef = BF822AA421E85E2700854185 /* Assets.xcassets */; };
		BF822AA821E85E2700854185 /* LaunchScreen.storyboard in Resources */ = {isa = PBXBuildFile; fileRef = BF822AA621E85E2700854185 /* LaunchScreen.storyboard */; };
		BF822AB221E8633F00854185 /* ViewController.xib in Resources */ = {isa = PBXBuildFile; fileRef = BF822AB121E8633F00854185 /* ViewController.xib */; };
		BF822AB521E86ACF00854185 /* TaskFormController.swift in Sources */ = {isa = PBXBuildFile; fileRef = BF822AB321E86ACF00854185 /* TaskFormController.swift */; };
		BF822AB621E86ACF00854185 /* TaskFormController.xib in Resources */ = {isa = PBXBuildFile; fileRef = BF822AB421E86ACF00854185 /* TaskFormController.xib */; };
		BFBDA78B2209902A00ACDE57 /* TaskNotification.swift in Sources */ = {isa = PBXBuildFile; fileRef = BFBDA78A2209902A00ACDE57 /* TaskNotification.swift */; };
/* End PBXBuildFile section */

/* Begin PBXFileReference section */
		BF41EEE921FAF04200CC7AED /* Category.swift */ = {isa = PBXFileReference; lastKnownFileType = sourcecode.swift; path = Category.swift; sourceTree = "<group>"; };
		BF70F35521E88D8700AF6455 /* Task.swift */ = {isa = PBXFileReference; lastKnownFileType = sourcecode.swift; path = Task.swift; sourceTree = "<group>"; };
		BF70F35721E92E0500AF6455 /* UIColorHex.swift */ = {isa = PBXFileReference; fileEncoding = 4; lastKnownFileType = sourcecode.swift; path = UIColorHex.swift; sourceTree = "<group>"; };
		BF822A9A21E85E2400854185 /* TaskManagerApp.app */ = {isa = PBXFileReference; explicitFileType = wrapper.application; includeInIndex = 0; path = TaskManagerApp.app; sourceTree = BUILT_PRODUCTS_DIR; };
		BF822A9D21E85E2400854185 /* AppDelegate.swift */ = {isa = PBXFileReference; lastKnownFileType = sourcecode.swift; path = AppDelegate.swift; sourceTree = "<group>"; };
		BF822A9F21E85E2400854185 /* ViewController.swift */ = {isa = PBXFileReference; lastKnownFileType = sourcecode.swift; path = ViewController.swift; sourceTree = "<group>"; };
		BF822AA421E85E2700854185 /* Assets.xcassets */ = {isa = PBXFileReference; lastKnownFileType = folder.assetcatalog; path = Assets.xcassets; sourceTree = "<group>"; };
		BF822AA721E85E2700854185 /* Base */ = {isa = PBXFileReference; lastKnownFileType = file.storyboard; name = Base; path = Base.lproj/LaunchScreen.storyboard; sourceTree = "<group>"; };
		BF822AA921E85E2700854185 /* Info.plist */ = {isa = PBXFileReference; lastKnownFileType = text.plist.xml; path = Info.plist; sourceTree = "<group>"; };
		BF822AB121E8633F00854185 /* ViewController.xib */ = {isa = PBXFileReference; lastKnownFileType = file.xib; path = ViewController.xib; sourceTree = "<group>"; };
		BF822AB321E86ACF00854185 /* TaskFormController.swift */ = {isa = PBXFileReference; lastKnownFileType = sourcecode.swift; path = TaskFormController.swift; sourceTree = "<group>"; };
		BF822AB421E86ACF00854185 /* TaskFormController.xib */ = {isa = PBXFileReference; lastKnownFileType = file.xib; path = TaskFormController.xib; sourceTree = "<group>"; };
		BFBDA78A2209902A00ACDE57 /* TaskNotification.swift */ = {isa = PBXFileReference; lastKnownFileType = sourcecode.swift; path = TaskNotification.swift; sourceTree = "<group>"; };
		C0132FEC54C2ABFA53C41E2A /* Pods_TaskManagerApp.framework */ = {isa = PBXFileReference; explicitFileType = wrapper.framework; includeInIndex = 0; path = Pods_TaskManagerApp.framework; sourceTree = BUILT_PRODUCTS_DIR; };
		F685130167D1CE40D93B95EC /* Pods-TaskManagerApp.release.xcconfig */ = {isa = PBXFileReference; includeInIndex = 1; lastKnownFileType = text.xcconfig; name = "Pods-TaskManagerApp.release.xcconfig"; path = "Target Support Files/Pods-TaskManagerApp/Pods-TaskManagerApp.release.xcconfig"; sourceTree = "<group>"; };
		F84283D78672248548C15E26 /* Pods-TaskManagerApp.debug.xcconfig */ = {isa = PBXFileReference; includeInIndex = 1; lastKnownFileType = text.xcconfig; name = "Pods-TaskManagerApp.debug.xcconfig"; path = "Target Support Files/Pods-TaskManagerApp/Pods-TaskManagerApp.debug.xcconfig"; sourceTree = "<group>"; };
/* End PBXFileReference section */

/* Begin PBXFrameworksBuildPhase section */
		BF822A9721E85E2400854185 /* Frameworks */ = {
			isa = PBXFrameworksBuildPhase;
			buildActionMask = 2147483647;
			files = (
				154044E163E1B392DB95FAAA /* Pods_TaskManagerApp.framework in Frameworks */,
			);
			runOnlyForDeploymentPostprocessing = 0;
		};
/* End PBXFrameworksBuildPhase section */

/* Begin PBXGroup section */
		B6418C821DE9A6FA1ED2AA06 /* Pods */ = {
			isa = PBXGroup;
			children = (
				F84283D78672248548C15E26 /* Pods-TaskManagerApp.debug.xcconfig */,
				F685130167D1CE40D93B95EC /* Pods-TaskManagerApp.release.xcconfig */,
			);
			path = Pods;
			sourceTree = "<group>";
		};
		BF822A9121E85E2400854185 = {
			isa = PBXGroup;
			children = (
				BF822A9C21E85E2400854185 /* TaskManagerApp */,
				BF822A9B21E85E2400854185 /* Products */,
				B6418C821DE9A6FA1ED2AA06 /* Pods */,
				DC5501F961C08E0FF33B587D /* Frameworks */,
			);
			sourceTree = "<group>";
		};
		BF822A9B21E85E2400854185 /* Products */ = {
			isa = PBXGroup;
			children = (
				BF822A9A21E85E2400854185 /* TaskManagerApp.app */,
			);
			name = Products;
			sourceTree = "<group>";
		};
		BF822A9C21E85E2400854185 /* TaskManagerApp */ = {
			isa = PBXGroup;
			children = (
				BF70F35721E92E0500AF6455 /* UIColorHex.swift */,
				BF822A9D21E85E2400854185 /* AppDelegate.swift */,
				BF822A9F21E85E2400854185 /* ViewController.swift */,
				BF822AB121E8633F00854185 /* ViewController.xib */,
				BF822AA421E85E2700854185 /* Assets.xcassets */,
				BF822AA621E85E2700854185 /* LaunchScreen.storyboard */,
				BF822AA921E85E2700854185 /* Info.plist */,
				BF822AB321E86ACF00854185 /* TaskFormController.swift */,
				BF822AB421E86ACF00854185 /* TaskFormController.xib */,
				BF70F35521E88D8700AF6455 /* Task.swift */,
				BF41EEE921FAF04200CC7AED /* Category.swift */,
				BFBDA78A2209902A00ACDE57 /* TaskNotification.swift */,
			);
			path = TaskManagerApp;
			sourceTree = "<group>";
		};
		DC5501F961C08E0FF33B587D /* Frameworks */ = {
			isa = PBXGroup;
			children = (
				C0132FEC54C2ABFA53C41E2A /* Pods_TaskManagerApp.framework */,
			);
			name = Frameworks;
			sourceTree = "<group>";
		};
/* End PBXGroup section */

/* Begin PBXNativeTarget section */
		BF822A9921E85E2400854185 /* TaskManagerApp */ = {
			isa = PBXNativeTarget;
			buildConfigurationList = BF822AAC21E85E2700854185 /* Build configuration list for PBXNativeTarget "TaskManagerApp" */;
			buildPhases = (
				AB72B3294C8B3D8712313B2B /* [CP] Check Pods Manifest.lock */,
				BF822A9621E85E2400854185 /* Sources */,
				BF822A9721E85E2400854185 /* Frameworks */,
				BF822A9821E85E2400854185 /* Resources */,
				10A5F59715FC7F4DA7D7F49F /* [CP] Embed Pods Frameworks */,
			);
			buildRules = (
			);
			dependencies = (
			);
			name = TaskManagerApp;
			productName = TaskManagerApp;
			productReference = BF822A9A21E85E2400854185 /* TaskManagerApp.app */;
			productType = "com.apple.product-type.application";
		};
/* End PBXNativeTarget section */

/* Begin PBXProject section */
		BF822A9221E85E2400854185 /* Project object */ = {
			isa = PBXProject;
			attributes = {
				LastSwiftUpdateCheck = 1010;
				LastUpgradeCheck = 1010;
				ORGANIZATIONNAME = "ry-itto";
				TargetAttributes = {
					BF822A9921E85E2400854185 = {
						CreatedOnToolsVersion = 10.1;
					};
				};
			};
			buildConfigurationList = BF822A9521E85E2400854185 /* Build configuration list for PBXProject "TaskManagerApp" */;
			compatibilityVersion = "Xcode 9.3";
			developmentRegion = en;
			hasScannedForEncodings = 0;
			knownRegions = (
				en,
				Base,
			);
			mainGroup = BF822A9121E85E2400854185;
			productRefGroup = BF822A9B21E85E2400854185 /* Products */;
			projectDirPath = "";
			projectRoot = "";
			targets = (
				BF822A9921E85E2400854185 /* TaskManagerApp */,
			);
		};
/* End PBXProject section */

/* Begin PBXResourcesBuildPhase section */
		BF822A9821E85E2400854185 /* Resources */ = {
			isa = PBXResourcesBuildPhase;
			buildActionMask = 2147483647;
			files = (
				BF822AA821E85E2700854185 /* LaunchScreen.storyboard in Resources */,
				BF822AB221E8633F00854185 /* ViewController.xib in Resources */,
				BF822AA521E85E2700854185 /* Assets.xcassets in Resources */,
				BF822AB621E86ACF00854185 /* TaskFormController.xib in Resources */,
			);
			runOnlyForDeploymentPostprocessing = 0;
		};
/* End PBXResourcesBuildPhase section */

/* Begin PBXShellScriptBuildPhase section */
		10A5F59715FC7F4DA7D7F49F /* [CP] Embed Pods Frameworks */ = {
			isa = PBXShellScriptBuildPhase;
			buildActionMask = 2147483647;
			files = (
			);
			inputFileListPaths = (
			);
			inputPaths = (
				"${PODS_ROOT}/Target Support Files/Pods-TaskManagerApp/Pods-TaskManagerApp-frameworks.sh",
				"${BUILT_PRODUCTS_DIR}/Realm/Realm.framework",
				"${BUILT_PRODUCTS_DIR}/RealmSwift/RealmSwift.framework",
			);
			name = "[CP] Embed Pods Frameworks";
			outputFileListPaths = (
			);
			outputPaths = (
				"${TARGET_BUILD_DIR}/${FRAMEWORKS_FOLDER_PATH}/Realm.framework",
				"${TARGET_BUILD_DIR}/${FRAMEWORKS_FOLDER_PATH}/RealmSwift.framework",
			);
			runOnlyForDeploymentPostprocessing = 0;
			shellPath = /bin/sh;
			shellScript = "\"${PODS_ROOT}/Target Support Files/Pods-TaskManagerApp/Pods-TaskManagerApp-frameworks.sh\"\n";
			showEnvVarsInLog = 0;
		};
		AB72B3294C8B3D8712313B2B /* [CP] Check Pods Manifest.lock */ = {
			isa = PBXShellScriptBuildPhase;
			buildActionMask = 2147483647;
			files = (
			);
			inputFileListPaths = (
			);
			inputPaths = (
				"${PODS_PODFILE_DIR_PATH}/Podfile.lock",
				"${PODS_ROOT}/Manifest.lock",
			);
			name = "[CP] Check Pods Manifest.lock";
			outputFileListPaths = (
			);
			outputPaths = (
				"$(DERIVED_FILE_DIR)/Pods-TaskManagerApp-checkManifestLockResult.txt",
			);
			runOnlyForDeploymentPostprocessing = 0;
			shellPath = /bin/sh;
			shellScript = "diff \"${PODS_PODFILE_DIR_PATH}/Podfile.lock\" \"${PODS_ROOT}/Manifest.lock\" > /dev/null\nif [ $? != 0 ] ; then\n    # print error to STDERR\n    echo \"error: The sandbox is not in sync with the Podfile.lock. Run 'pod install' or update your CocoaPods installation.\" >&2\n    exit 1\nfi\n# This output is used by Xcode 'outputs' to avoid re-running this script phase.\necho \"SUCCESS\" > \"${SCRIPT_OUTPUT_FILE_0}\"\n";
			showEnvVarsInLog = 0;
		};
/* End PBXShellScriptBuildPhase section */

/* Begin PBXSourcesBuildPhase section */
		BF822A9621E85E2400854185 /* Sources */ = {
			isa = PBXSourcesBuildPhase;
			buildActionMask = 2147483647;
			files = (
				BF70F35621E88D8700AF6455 /* Task.swift in Sources */,
				BF822AB521E86ACF00854185 /* TaskFormController.swift in Sources */,
				BF70F35821E92E0600AF6455 /* UIColorHex.swift in Sources */,
				BFBDA78B2209902A00ACDE57 /* TaskNotification.swift in Sources */,
				BF822AA021E85E2400854185 /* ViewController.swift in Sources */,
				BF822A9E21E85E2400854185 /* AppDelegate.swift in Sources */,
				BF41EEEA21FAF04200CC7AED /* Category.swift in Sources */,
			);
			runOnlyForDeploymentPostprocessing = 0;
		};
/* End PBXSourcesBuildPhase section */

/* Begin PBXVariantGroup section */
		BF822AA621E85E2700854185 /* LaunchScreen.storyboard */ = {
			isa = PBXVariantGroup;
			children = (
				BF822AA721E85E2700854185 /* Base */,
			);
			name = LaunchScreen.storyboard;
			sourceTree = "<group>";
		};
/* End PBXVariantGroup section */

/* Begin XCBuildConfiguration section */
		BF822AAA21E85E2700854185 /* Debug */ = {
			isa = XCBuildConfiguration;
			buildSettings = {
				ALWAYS_SEARCH_USER_PATHS = NO;
				CLANG_ANALYZER_NONNULL = YES;
				CLANG_ANALYZER_NUMBER_OBJECT_CONVERSION = YES_AGGRESSIVE;
				CLANG_CXX_LANGUAGE_STANDARD = "gnu++14";
				CLANG_CXX_LIBRARY = "libc++";
				CLANG_ENABLE_MODULES = YES;
				CLANG_ENABLE_OBJC_ARC = YES;
				CLANG_ENABLE_OBJC_WEAK = YES;
				CLANG_WARN_BLOCK_CAPTURE_AUTORELEASING = YES;
				CLANG_WARN_BOOL_CONVERSION = YES;
				CLANG_WARN_COMMA = YES;
				CLANG_WARN_CONSTANT_CONVERSION = YES;
				CLANG_WARN_DEPRECATED_OBJC_IMPLEMENTATIONS = YES;
				CLANG_WARN_DIRECT_OBJC_ISA_USAGE = YES_ERROR;
				CLANG_WARN_DOCUMENTATION_COMMENTS = YES;
				CLANG_WARN_EMPTY_BODY = YES;
				CLANG_WARN_ENUM_CONVERSION = YES;
				CLANG_WARN_INFINITE_RECURSION = YES;
				CLANG_WARN_INT_CONVERSION = YES;
				CLANG_WARN_NON_LITERAL_NULL_CONVERSION = YES;
				CLANG_WARN_OBJC_IMPLICIT_RETAIN_SELF = YES;
				CLANG_WARN_OBJC_LITERAL_CONVERSION = YES;
				CLANG_WARN_OBJC_ROOT_CLASS = YES_ERROR;
				CLANG_WARN_RANGE_LOOP_ANALYSIS = YES;
				CLANG_WARN_STRICT_PROTOTYPES = YES;
				CLANG_WARN_SUSPICIOUS_MOVE = YES;
				CLANG_WARN_UNGUARDED_AVAILABILITY = YES_AGGRESSIVE;
				CLANG_WARN_UNREACHABLE_CODE = YES;
				CLANG_WARN__DUPLICATE_METHOD_MATCH = YES;
				CODE_SIGN_IDENTITY = "iPhone Developer";
				COPY_PHASE_STRIP = NO;
				DEBUG_INFORMATION_FORMAT = dwarf;
				ENABLE_STRICT_OBJC_MSGSEND = YES;
				ENABLE_TESTABILITY = YES;
				GCC_C_LANGUAGE_STANDARD = gnu11;
				GCC_DYNAMIC_NO_PIC = NO;
				GCC_NO_COMMON_BLOCKS = YES;
				GCC_OPTIMIZATION_LEVEL = 0;
				GCC_PREPROCESSOR_DEFINITIONS = (
					"DEBUG=1",
					"$(inherited)",
				);
				GCC_WARN_64_TO_32_BIT_CONVERSION = YES;
				GCC_WARN_ABOUT_RETURN_TYPE = YES_ERROR;
				GCC_WARN_UNDECLARED_SELECTOR = YES;
				GCC_WARN_UNINITIALIZED_AUTOS = YES_AGGRESSIVE;
				GCC_WARN_UNUSED_FUNCTION = YES;
				GCC_WARN_UNUSED_VARIABLE = YES;
				IPHONEOS_DEPLOYMENT_TARGET = 12.1;
				MTL_ENABLE_DEBUG_INFO = INCLUDE_SOURCE;
				MTL_FAST_MATH = YES;
				ONLY_ACTIVE_ARCH = YES;
				SDKROOT = iphoneos;
				SWIFT_ACTIVE_COMPILATION_CONDITIONS = DEBUG;
				SWIFT_OPTIMIZATION_LEVEL = "-Onone";
			};
			name = Debug;
		};
		BF822AAB21E85E2700854185 /* Release */ = {
			isa = XCBuildConfiguration;
			buildSettings = {
				ALWAYS_SEARCH_USER_PATHS = NO;
				CLANG_ANALYZER_NONNULL = YES;
				CLANG_ANALYZER_NUMBER_OBJECT_CONVERSION = YES_AGGRESSIVE;
				CLANG_CXX_LANGUAGE_STANDARD = "gnu++14";
				CLANG_CXX_LIBRARY = "libc++";
				CLANG_ENABLE_MODULES = YES;
				CLANG_ENABLE_OBJC_ARC = YES;
				CLANG_ENABLE_OBJC_WEAK = YES;
				CLANG_WARN_BLOCK_CAPTURE_AUTORELEASING = YES;
				CLANG_WARN_BOOL_CONVERSION = YES;
				CLANG_WARN_COMMA = YES;
				CLANG_WARN_CONSTANT_CONVERSION = YES;
				CLANG_WARN_DEPRECATED_OBJC_IMPLEMENTATIONS = YES;
				CLANG_WARN_DIRECT_OBJC_ISA_USAGE = YES_ERROR;
				CLANG_WARN_DOCUMENTATION_COMMENTS = YES;
				CLANG_WARN_EMPTY_BODY = YES;
				CLANG_WARN_ENUM_CONVERSION = YES;
				CLANG_WARN_INFINITE_RECURSION = YES;
				CLANG_WARN_INT_CONVERSION = YES;
				CLANG_WARN_NON_LITERAL_NULL_CONVERSION = YES;
				CLANG_WARN_OBJC_IMPLICIT_RETAIN_SELF = YES;
				CLANG_WARN_OBJC_LITERAL_CONVERSION = YES;
				CLANG_WARN_OBJC_ROOT_CLASS = YES_ERROR;
				CLANG_WARN_RANGE_LOOP_ANALYSIS = YES;
				CLANG_WARN_STRICT_PROTOTYPES = YES;
				CLANG_WARN_SUSPICIOUS_MOVE = YES;
				CLANG_WARN_UNGUARDED_AVAILABILITY = YES_AGGRESSIVE;
				CLANG_WARN_UNREACHABLE_CODE = YES;
				CLANG_WARN__DUPLICATE_METHOD_MATCH = YES;
				CODE_SIGN_IDENTITY = "iPhone Developer";
				COPY_PHASE_STRIP = NO;
				DEBUG_INFORMATION_FORMAT = "dwarf-with-dsym";
				ENABLE_NS_ASSERTIONS = NO;
				ENABLE_STRICT_OBJC_MSGSEND = YES;
				GCC_C_LANGUAGE_STANDARD = gnu11;
				GCC_NO_COMMON_BLOCKS = YES;
				GCC_WARN_64_TO_32_BIT_CONVERSION = YES;
				GCC_WARN_ABOUT_RETURN_TYPE = YES_ERROR;
				GCC_WARN_UNDECLARED_SELECTOR = YES;
				GCC_WARN_UNINITIALIZED_AUTOS = YES_AGGRESSIVE;
				GCC_WARN_UNUSED_FUNCTION = YES;
				GCC_WARN_UNUSED_VARIABLE = YES;
				IPHONEOS_DEPLOYMENT_TARGET = 12.1;
				MTL_ENABLE_DEBUG_INFO = NO;
				MTL_FAST_MATH = YES;
				SDKROOT = iphoneos;
				SWIFT_COMPILATION_MODE = wholemodule;
				SWIFT_OPTIMIZATION_LEVEL = "-O";
				VALIDATE_PRODUCT = YES;
			};
			name = Release;
		};
		BF822AAD21E85E2700854185 /* Debug */ = {
			isa = XCBuildConfiguration;
			baseConfigurationReference = F84283D78672248548C15E26 /* Pods-TaskManagerApp.debug.xcconfig */;
			buildSettings = {
				ASSETCATALOG_COMPILER_APPICON_NAME = AppIcon;
				CODE_SIGN_STYLE = Automatic;
				DEVELOPMENT_TEAM = DFY27HWN2G;
				INFOPLIST_FILE = TaskManagerApp/Info.plist;
				LD_RUNPATH_SEARCH_PATHS = (
					"$(inherited)",
					"@executable_path/Frameworks",
				);
				PRODUCT_BUNDLE_IDENTIFIER = "ry-itto.TaskManagerApp";
				PRODUCT_NAME = "$(TARGET_NAME)";
				SWIFT_VERSION = 4.2;
				TARGETED_DEVICE_FAMILY = "1,2";
			};
			name = Debug;
		};
		BF822AAE21E85E2700854185 /* Release */ = {
			isa = XCBuildConfiguration;
			baseConfigurationReference = F685130167D1CE40D93B95EC /* Pods-TaskManagerApp.release.xcconfig */;
			buildSettings = {
				ASSETCATALOG_COMPILER_APPICON_NAME = AppIcon;
				CODE_SIGN_STYLE = Automatic;
				DEVELOPMENT_TEAM = DFY27HWN2G;
				INFOPLIST_FILE = TaskManagerApp/Info.plist;
				LD_RUNPATH_SEARCH_PATHS = (
					"$(inherited)",
					"@executable_path/Frameworks",
				);
				PRODUCT_BUNDLE_IDENTIFIER = "ry-itto.TaskManagerApp";
				PRODUCT_NAME = "$(TARGET_NAME)";
				SWIFT_VERSION = 4.2;
				TARGETED_DEVICE_FAMILY = "1,2";
			};
			name = Release;
		};
/* End XCBuildConfiguration section */

/* Begin XCConfigurationList section */
		BF822A9521E85E2400854185 /* Build configuration list for PBXProject "TaskManagerApp" */ = {
			isa = XCConfigurationList;
			buildConfigurations = (
				BF822AAA21E85E2700854185 /* Debug */,
				BF822AAB21E85E2700854185 /* Release */,
			);
			defaultConfigurationIsVisible = 0;
			defaultConfigurationName = Release;
		};
		BF822AAC21E85E2700854185 /* Build configuration list for PBXNativeTarget "TaskManagerApp" */ = {
			isa = XCConfigurationList;
			buildConfigurations = (
				BF822AAD21E85E2700854185 /* Debug */,
				BF822AAE21E85E2700854185 /* Release */,
			);
			defaultConfigurationIsVisible = 0;
			defaultConfigurationName = Release;
		};
/* End XCConfigurationList section */
	};
	rootObject = BF822A9221E85E2400854185 /* Project object */;
}
